Microsoft Visual Studio Solution File, Format Version 11.00
# Visual Studio 2008

Project("{97AC31B3-1BA4-D441-2D88-7B9A0EECE564}") = "CharacterSelection_Template", "Assembly-CSharp-firstpass.csproj", "{CAB0D53D-AD6E-3954-4858-2374AF61D469}"
EndProject
Project("{97AC31B3-1BA4-D441-2D88-7B9A0EECE564}") = "CharacterSelection_Template", "Assembly-UnityScript-firstpass.unityproj", "{EC7944E1-084B-1AAC-5D49-FAC27F9FB80E}"
EndProject
Global
	GlobalSection(SolutionConfigurationPlatforms) = preSolution
		Debug|Any CPU = Debug|Any CPU
		Release|Any CPU = Release|Any CPU
	EndGlobalSection
	GlobalSection(ProjectConfigurationPlatforms) = postSolution
		{CAB0D53D-AD6E-3954-4858-2374AF61D469}.Debug|Any CPU.ActiveCfg = Debug|Any CPU
		{CAB0D53D-AD6E-3954-4858-2374AF61D469}.Debug|Any CPU.Build.0 = Debug|Any CPU
		{CAB0D53D-AD6E-3954-4858-2374AF61D469}.Release|Any CPU.ActiveCfg = Release|Any CPU
		{CAB0D53D-AD6E-3954-4858-2374AF61D469}.Release|Any CPU.Build.0 = Release|Any CPU
		{EC7944E1-084B-1AAC-5D49-FAC27F9FB80E}.Debug|Any CPU.ActiveCfg = Debug|Any CPU
		{EC7944E1-084B-1AAC-5D49-FAC27F9FB80E}.Debug|Any CPU.Build.0 = Debug|Any CPU
		{EC7944E1-084B-1AAC-5D49-FAC27F9FB80E}.Release|Any CPU.ActiveCfg = Release|Any CPU
		{EC7944E1-084B-1AAC-5D49-FAC27F9FB80E}.Release|Any CPU.Build.0 = Release|Any CPU
	EndGlobalSection
	GlobalSection(SolutionProperties) = preSolution
		HideSolutionNode = FALSE
	EndGlobalSection
		GlobalSection(MonoDevelopProperties) = preSolution
		StartupItem = Assembly-CSharp.csproj
		Policies = $0
		$0.TextStylePolicy = $1
		$1.inheritsSet = null
		$1.scope = text/x-csharp
		$0.CSharpFormattingPolicy = $2
		$2.inheritsSet = Mono
		$2.inheritsScope = text/x-csharp
		$2.scope = text/x-csharp
		$0.TextStylePolicy = $3
		$3.FileWidth = 120
		$3.TabWidth = 4
		$3.IndentWidth = 4
		$3.EolMarker = Unix
		$3.inheritsSet = Mono
		$3.inheritsScope = text/plain
		$3.scope = text/plain
	EndGlobalSection

EndGlobal
