
Microsoft Visual Studio Solution File, Format Version 12.00
# Visual Studio 2013
Project("{FAE04EC0-301F-11D3-BF4B-00C04F79EFBC}") = "ZombieBox.CSharp.Plugins", "ZombieBox.CSharp.Plugins.csproj", "{E9796546-D4A5-BB69-AA05-9B9C7651D949}"
EndProject
Project("{FAE04EC0-301F-11D3-BF4B-00C04F79EFBC}") = "ZombieBox.CSharp", "ZombieBox.CSharp.csproj", "{AEF06E16-0008-12FF-CB28-B0F9C8CF4046}"
EndProject
Project("{FAE04EC0-301F-11D3-BF4B-00C04F79EFBC}") = "ZombieBox.CSharp.Editor", "ZombieBox.CSharp.Editor.csproj", "{55542347-ECEB-F6DE-4E13-C4FCC222A30B}"
EndProject
Global
	GlobalSection(SolutionConfigurationPlatforms) = preSolution
		Debug|Any CPU = Debug|Any CPU
		Release|Any CPU = Release|Any CPU
	EndGlobalSection
	GlobalSection(ProjectConfigurationPlatforms) = postSolution
		{E9796546-D4A5-BB69-AA05-9B9C7651D949}.Debug|Any CPU.ActiveCfg = Debug|Any CPU
		{E9796546-D4A5-BB69-AA05-9B9C7651D949}.Debug|Any CPU.Build.0 = Debug|Any CPU
		{E9796546-D4A5-BB69-AA05-9B9C7651D949}.Release|Any CPU.ActiveCfg = Release|Any CPU
		{E9796546-D4A5-BB69-AA05-9B9C7651D949}.Release|Any CPU.Build.0 = Release|Any CPU
		{AEF06E16-0008-12FF-CB28-B0F9C8CF4046}.Debug|Any CPU.ActiveCfg = Debug|Any CPU
		{AEF06E16-0008-12FF-CB28-B0F9C8CF4046}.Debug|Any CPU.Build.0 = Debug|Any CPU
		{AEF06E16-0008-12FF-CB28-B0F9C8CF4046}.Release|Any CPU.ActiveCfg = Release|Any CPU
		{AEF06E16-0008-12FF-CB28-B0F9C8CF4046}.Release|Any CPU.Build.0 = Release|Any CPU
		{55542347-ECEB-F6DE-4E13-C4FCC222A30B}.Debug|Any CPU.ActiveCfg = Debug|Any CPU
		{55542347-ECEB-F6DE-4E13-C4FCC222A30B}.Debug|Any CPU.Build.0 = Debug|Any CPU
		{55542347-ECEB-F6DE-4E13-C4FCC222A30B}.Release|Any CPU.ActiveCfg = Release|Any CPU
		{55542347-ECEB-F6DE-4E13-C4FCC222A30B}.Release|Any CPU.Build.0 = Release|Any CPU
	EndGlobalSection
	GlobalSection(SolutionProperties) = preSolution
		HideSolutionNode = FALSE
	EndGlobalSection
EndGlobal
